# THIS IS AN AUTOGENERATED FILE. DO NOT EDIT THIS FILE DIRECTLY.
# yarn lockfile v1


"@babel/parser@^7.15.0":
  version "7.16.3"
  resolved "https://registry.yarnpkg.com/@babel/parser/-/parser-7.16.3.tgz#271bafcb811080905a119222edbc17909c82261d"
  integrity sha512-dcNwU1O4sx57ClvLBVFbEgx0UZWfd0JQX5X6fxFRCLHelFBGXFfSz6Y0FAq2PEwUqlqLkdVjVr4VASEOuUnLJw==

"@vitejs/plugin-vue@^1.9.3":
  version "1.9.4"
  resolved "https://registry.yarnpkg.com/@vitejs/plugin-vue/-/plugin-vue-1.9.4.tgz#4f48485432cbb986a9fb9d254dc33ce30ddccbfa"
  integrity sha512-0CZqaCoChriPTTtGkERy1LGPcYjGFpi2uYRhBPIkqJqUGV5JnJFhQAgh6oH9j5XZHfrRaisX8W0xSpO4T7S78A==

"@vue/compiler-core@3.2.21":
  version "3.2.21"
  resolved "https://registry.yarnpkg.com/@vue/compiler-core/-/compiler-core-3.2.21.tgz#26566c32b2ad838199d471ef5df620a83846f24e"
  integrity sha512-NhhiQZNG71KNq1h5pMW/fAXdTF7lJRaSI7LDm2edhHXVz1ROMICo8SreUmQnSf4Fet0UPBVqJ988eF4+936iDQ==
  dependencies:
    "@babel/parser" "^7.15.0"
    "@vue/shared" "3.2.21"
    estree-walker "^2.0.2"
    source-map "^0.6.1"

"@vue/compiler-dom@3.2.21":
  version "3.2.21"
  resolved "https://registry.yarnpkg.com/@vue/compiler-dom/-/compiler-dom-3.2.21.tgz#d6f6c85364ef8888f9c4e9122bfba11e78fb398c"
  integrity sha512-gsJD3DpYZSYquiA7UIPsMDSlAooYWDvHPq9VRsqzJEk2PZtFvLvHPb4aaMD8Ufd62xzYn32cnnkzsEOJhyGilA==
  dependencies:
    "@vue/compiler-core" "3.2.21"
    "@vue/shared" "3.2.21"

"@vue/compiler-sfc@3.2.21":
  version "3.2.21"
  resolved "https://registry.yarnpkg.com/@vue/compiler-sfc/-/compiler-sfc-3.2.21.tgz#42639ee49e725afb7d8f1d1940e75dc17a56002c"
  integrity sha512-+yDlUSebKpz/ovxM2vLRRx7w/gVfY767pOfYTgbIhAs+ogvIV2BsIt4fpxlThnlCNChJ+yE0ERUNoROv2kEGEQ==
  dependencies:
    "@babel/parser" "^7.15.0"
    "@vue/compiler-core" "3.2.21"
    "@vue/compiler-dom" "3.2.21"
    "@vue/compiler-ssr" "3.2.21"
    "@vue/ref-transform" "3.2.21"
    "@vue/shared" "3.2.21"
    estree-walker "^2.0.2"
    magic-string "^0.25.7"
    postcss "^8.1.10"
    source-map "^0.6.1"

"@vue/compiler-ssr@3.2.21":
  version "3.2.21"
  resolved "https://registry.yarnpkg.com/@vue/compiler-ssr/-/compiler-ssr-3.2.21.tgz#37d124f89e8adef9fd56b85775de4b5310a0436e"
  integrity sha512-eU+A0iWYy+1zAo2CRIJ0zSVlv1iuGAIbNRCnllSJ31pV1lX3jypJYzGbJlSRAbB7VP6E+tYveVT1Oq8JKewa3g==
  dependencies:
    "@vue/compiler-dom" "3.2.21"
    "@vue/shared" "3.2.21"

"@vue/devtools-api@^6.0.0-beta.11", "@vue/devtools-api@^6.0.0-beta.18":
  version "6.0.0-beta.20"
  resolved "https://registry.yarnpkg.com/@vue/devtools-api/-/devtools-api-6.0.0-beta.20.tgz#b5405c9a84fb44687d05e7c4c7854b1639141106"
  integrity sha512-21u2jFOk8jbAneeGpDwZQ0W66RJa0IBDUyVl6SgKnn2cRFjLWzKj+ukXjpLhYr1KASyCe5E5U4jXwChVo0YUAw==

"@vue/reactivity@3.2.21":
  version "3.2.21"
  resolved "https://registry.yarnpkg.com/@vue/reactivity/-/reactivity-3.2.21.tgz#073ad144192ed78a07e151e95a3baa515e4099a2"
  integrity sha512-7C57zFm/5E3SSTUhVuYj1InDwuJ+GIVQ/z+H43C9sST85gIThGXVhksl1yWTAadf8Yz4T5lSbqi5Ds8U/ueWcw==
  dependencies:
    "@vue/shared" "3.2.21"

"@vue/ref-transform@3.2.21":
  version "3.2.21"
  resolved "https://registry.yarnpkg.com/@vue/ref-transform/-/ref-transform-3.2.21.tgz#b0c554c9f640c3f005f77e676066aa0faba90984"
  integrity sha512-uiEWWBsrGeun9O7dQExYWzXO3rHm/YdtFNXDVqCSoPypzOVxWxdiL+8hHeWzxMB58fVuV2sT80aUtIVyaBVZgQ==
  dependencies:
    "@babel/parser" "^7.15.0"
    "@vue/compiler-core" "3.2.21"
    "@vue/shared" "3.2.21"
    estree-walker "^2.0.2"
    magic-string "^0.25.7"

"@vue/runtime-core@3.2.21":
  version "3.2.21"
  resolved "https://registry.yarnpkg.com/@vue/runtime-core/-/runtime-core-3.2.21.tgz#e12dac8c3893b7aebfc37e32066718d8aa686ac5"
  integrity sha512-7oOxKaU0D2IunOAMOOHZgJVrHg63xwng8BZx3fbgmakqEIMwHhQcp+5GV1sOg/sWW7R4UhaRDIUCukO2GRVK2Q==
  dependencies:
    "@vue/reactivity" "3.2.21"
    "@vue/shared" "3.2.21"

"@vue/runtime-dom@3.2.21":
  version "3.2.21"
  resolved "https://registry.yarnpkg.com/@vue/runtime-dom/-/runtime-dom-3.2.21.tgz#33dd15bc85281e773177a30dc6931c294bd77aa1"
  integrity sha512-apBdriD6QsI4ywbllY8kjr9/0scGuStDuvLbJULPQkFPtHzntd51bP5PQTQVAEIc9kwnTozmj6x6ZdX/cwo7xA==
  dependencies:
    "@vue/runtime-core" "3.2.21"
    "@vue/shared" "3.2.21"
    csstype "^2.6.8"

"@vue/server-renderer@3.2.21":
  version "3.2.21"
  resolved "https://registry.yarnpkg.com/@vue/server-renderer/-/server-renderer-3.2.21.tgz#887d0a44de76f72313cff2686a24c0315231d634"
  integrity sha512-QBgYqVgI7XCSBCqGa4LduV9vpfQFdZBOodFmq5Txk5W/v1KrJ1LoOh2Q0RHiRgtoK/UR9uyvRVcYqOmwHkZNEg==
  dependencies:
    "@vue/compiler-ssr" "3.2.21"
    "@vue/shared" "3.2.21"

"@vue/shared@3.2.21":
  version "3.2.21"
  resolved "https://registry.yarnpkg.com/@vue/shared/-/shared-3.2.21.tgz#4cd80c0e62cf65a7adab2449e86b6f0cb33a130b"
  integrity sha512-5EQmIPK6gw4UVYUbM959B0uPsJ58+xoMESCZs3N89XyvJ9e+fX4pqEPrOGV8OroIk3SbEvJcC+eYc8BH9JQrHA==

ajv@^4.9.1:
  version "4.11.8"
  resolved "https://registry.yarnpkg.com/ajv/-/ajv-4.11.8.tgz#82ffb02b29e662ae53bdc20af15947706739c536"
  integrity sha1-gv+wKynmYq5TvcIK8VlHcGc5xTY=
  dependencies:
    co "^4.6.0"
    json-stable-stringify "^1.0.1"

asap@~2.0.3:
  version "2.0.6"
  resolved "https://registry.yarnpkg.com/asap/-/asap-2.0.6.tgz#e50347611d7e690943208bbdafebcbc2fb866d46"
  integrity sha1-5QNHYR1+aQlDIIu9r+vLwvuGbUY=

asn1@~0.2.3:
  version "0.2.6"
  resolved "https://registry.yarnpkg.com/asn1/-/asn1-0.2.6.tgz#0d3a7bb6e64e02a90c0303b31f292868ea09a08d"
  integrity sha512-ix/FxPn0MDjeyJ7i/yoHGFt/EX6LyNbxSEhPPXODPL+KB0VPk86UYfL0lMdy+KCnv+fmvIzySwaK5COwqVbWTQ==
  dependencies:
    safer-buffer "~2.1.0"

assert-plus@1.0.0, assert-plus@^1.0.0:
  version "1.0.0"
  resolved "https://registry.yarnpkg.com/assert-plus/-/assert-plus-1.0.0.tgz#f12e0f3c5d77b0b1cdd9146942e4e96c1e4dd525"
  integrity sha1-8S4PPF13sLHN2RRpQuTpbB5N1SU=

assert-plus@^0.2.0:
  version "0.2.0"
  resolved "https://registry.yarnpkg.com/assert-plus/-/assert-plus-0.2.0.tgz#d74e1b87e7affc0db8aadb7021f3fe48101ab234"
  integrity sha1-104bh+ev/A24qttwIfP+SBAasjQ=

asynckit@^0.4.0:
  version "0.4.0"
  resolved "https://registry.yarnpkg.com/asynckit/-/asynckit-0.4.0.tgz#c79ed97f7f34cb8f2ba1bc9790bcc366474b4b79"
  integrity sha1-x57Zf380y48robyXkLzDZkdLS3k=

aws-sign2@~0.6.0:
  version "0.6.0"
  resolved "https://registry.yarnpkg.com/aws-sign2/-/aws-sign2-0.6.0.tgz#14342dd38dbcc94d0e5b87d763cd63612c0e794f"
  integrity sha1-FDQt0428yU0OW4fXY81jYSwOeU8=

aws4@^1.2.1:
  version "1.11.0"
  resolved "https://registry.yarnpkg.com/aws4/-/aws4-1.11.0.tgz#d61f46d83b2519250e2784daf5b09479a8b41c59"
  integrity sha512-xh1Rl34h6Fi1DC2WWKfxUTVqRsNnr6LsKz2+hfwDxQJWmrx8+c7ylaqBMcHfl1U1r2dsifOvKX3LQuLNZ+XSvA==

bcrypt-pbkdf@^1.0.0:
  version "1.0.2"
  resolved "https://registry.yarnpkg.com/bcrypt-pbkdf/-/bcrypt-pbkdf-1.0.2.tgz#a4301d389b6a43f9b67ff3ca11a3f6637e360e9e"
  integrity sha1-pDAdOJtqQ/m2f/PKEaP2Y342Dp4=
  dependencies:
    tweetnacl "^0.14.3"

big.js@^5.2.2:
  version "5.2.2"
  resolved "https://registry.yarnpkg.com/big.js/-/big.js-5.2.2.tgz#65f0af382f578bcdc742bd9c281e9cb2d7768328"
  integrity sha512-vyL2OymJxmarO8gxMr0mhChsO9QGwhynfuu4+MHTAW6czfq9humCB7rKpUjDd9YUiDPU4mzpyupFSvOClAwbmQ==

boom@2.x.x:
  version "2.10.1"
  resolved "https://registry.yarnpkg.com/boom/-/boom-2.10.1.tgz#39c8918ceff5799f83f9492a848f625add0c766f"
  integrity sha1-OciRjO/1eZ+D+UkqhI9iWt0Mdm8=
  dependencies:
    hoek "2.x.x"

caseless@~0.12.0:
  version "0.12.0"
  resolved "https://registry.yarnpkg.com/caseless/-/caseless-0.12.0.tgz#1b681c21ff84033c826543090689420d187151dc"
  integrity sha1-G2gcIf+EAzyCZUMJBolCDRhxUdw=

clone@^2.1.1:
  version "2.1.2"
  resolved "https://registry.yarnpkg.com/clone/-/clone-2.1.2.tgz#1b7f4b9f591f1e8f83670401600345a02887435f"
  integrity sha1-G39Ln1kfHo+DZwQBYANFoCiHQ18=

co@^4.6.0:
  version "4.6.0"
  resolved "https://registry.yarnpkg.com/co/-/co-4.6.0.tgz#6ea6bdf3d853ae54ccb8e47bfa0bf3f9031fb184"
  integrity sha1-bqa989hTrlTMuOR7+gvz+QMfsYQ=

combined-stream@^1.0.5, combined-stream@~1.0.5:
  version "1.0.8"
  resolved "https://registry.yarnpkg.com/combined-stream/-/combined-stream-1.0.8.tgz#c3d45a8b34fd730631a110a8a2520682b31d5a7f"
  integrity sha512-FQN4MRfuJeHf7cBbBMJFXhKSDq+2kAArBlmRBvcvFE5BB1HZKXtSFASDhdlz9zOYwxh8lDdnvmMOe/+5cdoEdg==
  dependencies:
    delayed-stream "~1.0.0"

core-util-is@1.0.2:
  version "1.0.2"
  resolved "https://registry.yarnpkg.com/core-util-is/-/core-util-is-1.0.2.tgz#b5fd54220aa2bc5ab57aab7140c940754503c1a7"
  integrity sha1-tf1UIgqivFq1eqtxQMlAdUUDwac=

cryptiles@2.x.x:
  version "2.0.5"
  resolved "https://registry.yarnpkg.com/cryptiles/-/cryptiles-2.0.5.tgz#3bdfecdc608147c1c67202fa291e7dca59eaa3b8"
  integrity sha1-O9/s3GCBR8HGcgL6KR59ylnqo7g=
  dependencies:
    boom "2.x.x"

csstype@^2.6.8:
  version "2.6.18"
  resolved "https://registry.yarnpkg.com/csstype/-/csstype-2.6.18.tgz#980a8b53085f34af313410af064f2bd241784218"
  integrity sha512-RSU6Hyeg14am3Ah4VZEmeX8H7kLwEEirXe6aU2IPfKNvhXwTflK5HQRDNI0ypQXoqmm+QPyG2IaPuQE5zMwSIQ==

dashdash@^1.12.0:
  version "1.14.1"
  resolved "https://registry.yarnpkg.com/dashdash/-/dashdash-1.14.1.tgz#853cfa0f7cbe2fed5de20326b8dd581035f6e2f0"
  integrity sha1-hTz6D3y+L+1d4gMmuN1YEDX24vA=
  dependencies:
    assert-plus "^1.0.0"

delayed-stream@~1.0.0:
  version "1.0.0"
  resolved "https://registry.yarnpkg.com/delayed-stream/-/delayed-stream-1.0.0.tgz#df3ae199acadfb7d440aaae0b29e2272b24ec619"
  integrity sha1-3zrhmayt+31ECqrgsp4icrJOxhk=

ecc-jsbn@~0.1.1:
  version "0.1.2"
  resolved "https://registry.yarnpkg.com/ecc-jsbn/-/ecc-jsbn-0.1.2.tgz#3a83a904e54353287874c564b7549386849a98c9"
  integrity sha1-OoOpBOVDUyh4dMVkt1SThoSamMk=
  dependencies:
    jsbn "~0.1.0"
    safer-buffer "^2.1.0"

emojis-list@^3.0.0:
  version "3.0.0"
  resolved "https://registry.yarnpkg.com/emojis-list/-/emojis-list-3.0.0.tgz#5570662046ad29e2e916e71aae260abdff4f6a78"
  integrity sha512-/kyM18EfinwXZbno9FyUGeFh87KC8HRQBQGildHZbEuRyWFOmv1U10o9BBp8XVZDVNNuQKyIGIu5ZYAAXJ0V2Q==

errno@^0.1.1:
  version "0.1.8"
  resolved "https://registry.yarnpkg.com/errno/-/errno-0.1.8.tgz#8bb3e9c7d463be4976ff888f76b4809ebc2e811f"
  integrity sha512-dJ6oBr5SQ1VSd9qkk7ByRgb/1SH4JZjCHSW/mr63/QcXO9zLVxvJ6Oy13nio03rxpSnVDDjFor75SjVeZWPW/A==
  dependencies:
    prr "~1.0.1"

esbuild-android-arm64@0.13.13:
  version "0.13.13"
  resolved "https://registry.yarnpkg.com/esbuild-android-arm64/-/esbuild-android-arm64-0.13.13.tgz#da07b5fb2daf7d83dcd725f7cf58a6758e6e702a"
  integrity sha512-T02aneWWguJrF082jZworjU6vm8f4UQ+IH2K3HREtlqoY9voiJUwHLRL6khRlsNLzVglqgqb7a3HfGx7hAADCQ==

esbuild-darwin-64@0.13.13:
  version "0.13.13"
  resolved "https://registry.yarnpkg.com/esbuild-darwin-64/-/esbuild-darwin-64-0.13.13.tgz#e94e9fd3b4b5455a2e675cd084a19a71b6904bbf"
  integrity sha512-wkaiGAsN/09X9kDlkxFfbbIgR78SNjMOfUhoel3CqKBDsi9uZhw7HBNHNxTzYUK8X8LAKFpbODgcRB3b/I8gHA==

esbuild-darwin-arm64@0.13.13:
  version "0.13.13"
  resolved "https://registry.yarnpkg.com/esbuild-darwin-arm64/-/esbuild-darwin-arm64-0.13.13.tgz#8c320eafbb3ba2c70d8062128c5b71503e342471"
  integrity sha512-b02/nNKGSV85Gw9pUCI5B48AYjk0vFggDeom0S6QMP/cEDtjSh1WVfoIFNAaLA0MHWfue8KBwoGVsN7rBshs4g==

esbuild-freebsd-64@0.13.13:
  version "0.13.13"
  resolved "https://registry.yarnpkg.com/esbuild-freebsd-64/-/esbuild-freebsd-64-0.13.13.tgz#ce0ca5b8c4c274cfebc9326f9b316834bd9dd151"
  integrity sha512-ALgXYNYDzk9YPVk80A+G4vz2D22Gv4j4y25exDBGgqTcwrVQP8rf/rjwUjHoh9apP76oLbUZTmUmvCMuTI1V9A==

esbuild-freebsd-arm64@0.13.13:
  version "0.13.13"
  resolved "https://registry.yarnpkg.com/esbuild-freebsd-arm64/-/esbuild-freebsd-arm64-0.13.13.tgz#463da17562fdcfdf03b3b94b28497d8d8dcc8f62"
  integrity sha512-uFvkCpsZ1yqWQuonw5T1WZ4j59xP/PCvtu6I4pbLejhNo4nwjW6YalqnBvBSORq5/Ifo9S/wsIlVHzkzEwdtlw==

esbuild-linux-32@0.13.13:
  version "0.13.13"
  resolved "https://registry.yarnpkg.com/esbuild-linux-32/-/esbuild-linux-32-0.13.13.tgz#2035793160da2c4be48a929e5bafb14a31789acc"
  integrity sha512-yxR9BBwEPs9acVEwTrEE2JJNHYVuPQC9YGjRfbNqtyfK/vVBQYuw8JaeRFAvFs3pVJdQD0C2BNP4q9d62SCP4w==

esbuild-linux-64@0.13.13:
  version "0.13.13"
  resolved "https://registry.yarnpkg.com/esbuild-linux-64/-/esbuild-linux-64-0.13.13.tgz#fbe4802a8168c6d339d0749f977b099449b56f22"
  integrity sha512-kzhjlrlJ+6ESRB/n12WTGll94+y+HFeyoWsOrLo/Si0s0f+Vip4b8vlnG0GSiS6JTsWYAtGHReGczFOaETlKIw==

esbuild-linux-arm64@0.13.13:
  version "0.13.13"
  resolved "https://registry.yarnpkg.com/esbuild-linux-arm64/-/esbuild-linux-arm64-0.13.13.tgz#f08d98df28d436ed4aad1529615822bb74d4d978"
  integrity sha512-KMrEfnVbmmJxT3vfTnPv/AiXpBFbbyExH13BsUGy1HZRPFMi5Gev5gk8kJIZCQSRfNR17aqq8sO5Crm2KpZkng==

esbuild-linux-arm@0.13.13:
  version "0.13.13"
  resolved "https://registry.yarnpkg.com/esbuild-linux-arm/-/esbuild-linux-arm-0.13.13.tgz#6f968c3a98b64e30c80b212384192d0cfcb32e7f"
  integrity sha512-hXub4pcEds+U1TfvLp1maJ+GHRw7oizvzbGRdUvVDwtITtjq8qpHV5Q5hWNNn6Q+b3b2UxF03JcgnpzCw96nUQ==

esbuild-linux-mips64le@0.13.13:
  version "0.13.13"
  resolved "https://registry.yarnpkg.com/esbuild-linux-mips64le/-/esbuild-linux-mips64le-0.13.13.tgz#690c78dc4725efe7d06a1431287966fbf7774c7f"
  integrity sha512-cJT9O1LYljqnnqlHaS0hdG73t7hHzF3zcN0BPsjvBq+5Ad47VJun+/IG4inPhk8ta0aEDK6LdP+F9299xa483w==

esbuild-linux-ppc64le@0.13.13:
  version "0.13.13"
  resolved "https://registry.yarnpkg.com/esbuild-linux-ppc64le/-/esbuild-linux-ppc64le-0.13.13.tgz#7ec9048502de46754567e734aae7aebd2df6df02"
  integrity sha512-+rghW8st6/7O6QJqAjVK3eXzKkZqYAw6LgHv7yTMiJ6ASnNvghSeOcIvXFep3W2oaJc35SgSPf21Ugh0o777qQ==

esbuild-netbsd-64@0.13.13:
  version "0.13.13"
  resolved "https://registry.yarnpkg.com/esbuild-netbsd-64/-/esbuild-netbsd-64-0.13.13.tgz#439bdaefffa03a8fa84324f5d83d636f548a2de3"
  integrity sha512-A/B7rwmzPdzF8c3mht5TukbnNwY5qMJqes09ou0RSzA5/jm7Jwl/8z853ofujTFOLhkNHUf002EAgokzSgEMpQ==

esbuild-openbsd-64@0.13.13:
  version "0.13.13"
  resolved "https://registry.yarnpkg.com/esbuild-openbsd-64/-/esbuild-openbsd-64-0.13.13.tgz#c9958e5291a00a3090c1ec482d6bcdf2d5b5d107"
  integrity sha512-szwtuRA4rXKT3BbwoGpsff6G7nGxdKgUbW9LQo6nm0TVCCjDNDC/LXxT994duIW8Tyq04xZzzZSW7x7ttDiw1w==

esbuild-sunos-64@0.13.13:
  version "0.13.13"
  resolved "https://registry.yarnpkg.com/esbuild-sunos-64/-/esbuild-sunos-64-0.13.13.tgz#ac9ead8287379cd2f6d00bd38c5997fda9c1179e"
  integrity sha512-ihyds9O48tVOYF48iaHYUK/boU5zRaLOXFS+OOL3ceD39AyHo46HVmsJLc7A2ez0AxNZCxuhu+P9OxfPfycTYQ==

esbuild-windows-32@0.13.13:
  version "0.13.13"
  resolved "https://registry.yarnpkg.com/esbuild-windows-32/-/esbuild-windows-32-0.13.13.tgz#a3820fc86631ca594cb7b348514b5cc3f058cfd6"
  integrity sha512-h2RTYwpG4ldGVJlbmORObmilzL8EECy8BFiF8trWE1ZPHLpECE9//J3Bi+W3eDUuv/TqUbiNpGrq4t/odbayUw==

esbuild-windows-64@0.13.13:
  version "0.13.13"
  resolved "https://registry.yarnpkg.com/esbuild-windows-64/-/esbuild-windows-64-0.13.13.tgz#1da748441f228d75dff474ddb7d584b81887323c"
  integrity sha512-oMrgjP4CjONvDHe7IZXHrMk3wX5Lof/IwFEIbwbhgbXGBaN2dke9PkViTiXC3zGJSGpMvATXVplEhlInJ0drHA==

esbuild-windows-arm64@0.13.13:
  version "0.13.13"
  resolved "https://registry.yarnpkg.com/esbuild-windows-arm64/-/esbuild-windows-arm64-0.13.13.tgz#06dfa52a6b178a5932a9a6e2fdb240c09e6da30c"
  integrity sha512-6fsDfTuTvltYB5k+QPah/x7LrI2+OLAJLE3bWLDiZI6E8wXMQU+wLqtEO/U/RvJgVY1loPs5eMpUBpVajczh1A==

esbuild@^0.13.2:
  version "0.13.13"
  resolved "https://registry.yarnpkg.com/esbuild/-/esbuild-0.13.13.tgz#0b5399c20f219f663c8c1048436fb0f59ab17a41"
  integrity sha512-Z17A/R6D0b4s3MousytQ/5i7mTCbaF+Ua/yPfoe71vdTv4KBvVAvQ/6ytMngM2DwGJosl8WxaD75NOQl2QF26Q==
  optionalDependencies:
    esbuild-android-arm64 "0.13.13"
    esbuild-darwin-64 "0.13.13"
    esbuild-darwin-arm64 "0.13.13"
    esbuild-freebsd-64 "0.13.13"
    esbuild-freebsd-arm64 "0.13.13"
    esbuild-linux-32 "0.13.13"
    esbuild-linux-64 "0.13.13"
    esbuild-linux-arm "0.13.13"
    esbuild-linux-arm64 "0.13.13"
    esbuild-linux-mips64le "0.13.13"
    esbuild-linux-ppc64le "0.13.13"
    esbuild-netbsd-64 "0.13.13"
    esbuild-openbsd-64 "0.13.13"
    esbuild-sunos-64 "0.13.13"
    esbuild-windows-32 "0.13.13"
    esbuild-windows-64 "0.13.13"
    esbuild-windows-arm64 "0.13.13"

estree-walker@^2.0.2:
  version "2.0.2"
  resolved "https://registry.yarnpkg.com/estree-walker/-/estree-walker-2.0.2.tgz#52f010178c2a4c117a7757cfe942adb7d2da4cac"
  integrity sha512-Rfkk/Mp/DL7JVje3u18FxFujQlTNR2q6QfMSMB7AvCBx91NGj/ba3kCfza0f6dVDbw7YlRf/nDrn7pQrCCyQ/w==

extend@~3.0.0:
  version "3.0.2"
  resolved "https://registry.yarnpkg.com/extend/-/extend-3.0.2.tgz#f8b1136b4071fbd8eb140aff858b1019ec2915fa"
  integrity sha512-fjquC59cD7CyW6urNXK0FBufkZcoiGG80wTuPujX590cB5Ttln20E2UB4S/WARVqhXffZl2LNgS+gQdPIIim/g==

extsprintf@1.3.0:
  version "1.3.0"
  resolved "https://registry.yarnpkg.com/extsprintf/-/extsprintf-1.3.0.tgz#96918440e3041a7a414f8c52e3c574eb3c3e1e05"
  integrity sha1-lpGEQOMEGnpBT4xS48V06zw+HgU=

extsprintf@^1.2.0:
  version "1.4.1"
  resolved "https://registry.yarnpkg.com/extsprintf/-/extsprintf-1.4.1.tgz#8d172c064867f235c0c84a596806d279bf4bcc07"
  integrity sha512-Wrk35e8ydCKDj/ArClo1VrPVmN8zph5V4AtHwIuHhvMXsKf73UT3BOD+azBIW+3wOJ4FhEH7zyaJCFvChjYvMA==

forever-agent@~0.6.1:
  version "0.6.1"
  resolved "https://registry.yarnpkg.com/forever-agent/-/forever-agent-0.6.1.tgz#fbc71f0c41adeb37f96c577ad1ed42d8fdacca91"
  integrity sha1-+8cfDEGt6zf5bFd60e1C2P2sypE=

form-data@~2.1.1:
  version "2.1.4"
  resolved "https://registry.yarnpkg.com/form-data/-/form-data-2.1.4.tgz#33c183acf193276ecaa98143a69e94bfee1750d1"
  integrity sha1-M8GDrPGTJ27KqYFDpp6Uv+4XUNE=
  dependencies:
    asynckit "^0.4.0"
    combined-stream "^1.0.5"
    mime-types "^2.1.12"

fsevents@~2.3.2:
  version "2.3.2"
  resolved "https://registry.yarnpkg.com/fsevents/-/fsevents-2.3.2.tgz#8a526f78b8fdf4623b709e0b975c52c24c02fd1a"
  integrity sha512-xiqMQR4xAeHTuB9uWm+fFRcIOgKBMiOBP+eXiyT7jsgVCq1bkVygt00oASowB7EdtpOHaaPgKt812P9ab+DDKA==

function-bind@^1.1.1:
  version "1.1.1"
  resolved "https://registry.yarnpkg.com/function-bind/-/function-bind-1.1.1.tgz#a56899d3ea3c9bab874bb9773b7c5ede92f4895d"
  integrity sha512-yIovAzMX49sF8Yl58fSCWJ5svSLuaibPxXQJFLmBObTuCr0Mf1KiPopGM9NiFjiYBCbfaa2Fh6breQ6ANVTI0A==

getpass@^0.1.1:
  version "0.1.7"
  resolved "https://registry.yarnpkg.com/getpass/-/getpass-0.1.7.tgz#5eff8e3e684d569ae4cb2b1282604e8ba62149fa"
  integrity sha1-Xv+OPmhNVprkyysSgmBOi6YhSfo=
  dependencies:
    assert-plus "^1.0.0"

graceful-fs@^4.1.2:
  version "4.2.8"
  resolved "https://registry.yarnpkg.com/graceful-fs/-/graceful-fs-4.2.8.tgz#e412b8d33f5e006593cbd3cee6df9f2cebbe802a"
  integrity sha512-qkIilPUYcNhJpd33n0GBXTB1MMPp14TxEsEs0pTrsSVucApsYzW5V+Q8Qxhik6KU3evy+qkAAowTByymK0avdg==

har-schema@^1.0.5:
  version "1.0.5"
  resolved "https://registry.yarnpkg.com/har-schema/-/har-schema-1.0.5.tgz#d263135f43307c02c602afc8fe95970c0151369e"
  integrity sha1-0mMTX0MwfALGAq/I/pWXDAFRNp4=

har-validator@~4.2.1:
  version "4.2.1"
  resolved "https://registry.yarnpkg.com/har-validator/-/har-validator-4.2.1.tgz#33481d0f1bbff600dd203d75812a6a5fba002e2a"
  integrity sha1-M0gdDxu/9gDdID11gSpqX7oALio=
  dependencies:
    ajv "^4.9.1"
    har-schema "^1.0.5"

has@^1.0.3:
  version "1.0.3"
  resolved "https://registry.yarnpkg.com/has/-/has-1.0.3.tgz#722d7cbfc1f6aa8241f16dd814e011e1f41e8796"
  integrity sha512-f2dvO0VU6Oej7RkWJGrehjbzMAjFp5/VKPp5tTpWIV4JHHZK1/BxbFRtf/siA2SWTe09caDmVtYYzWEIbBS4zw==
  dependencies:
    function-bind "^1.1.1"

hawk@~3.1.3:
  version "3.1.3"
  resolved "https://registry.yarnpkg.com/hawk/-/hawk-3.1.3.tgz#078444bd7c1640b0fe540d2c9b73d59678e8e1c4"
  integrity sha1-B4REvXwWQLD+VA0sm3PVlnjo4cQ=
  dependencies:
    boom "2.x.x"
    cryptiles "2.x.x"
    hoek "2.x.x"
    sntp "1.x.x"

hoek@2.x.x:
  version "2.16.3"
  resolved "https://registry.yarnpkg.com/hoek/-/hoek-2.16.3.tgz#20bb7403d3cea398e91dc4710a8ff1b8274a25ed"
  integrity sha1-ILt0A9POo5jpHcRxCo/xuCdKJe0=

http-signature@~1.1.0:
  version "1.1.1"
  resolved "https://registry.yarnpkg.com/http-signature/-/http-signature-1.1.1.tgz#df72e267066cd0ac67fb76adf8e134a8fbcf91bf"
  integrity sha1-33LiZwZs0Kxn+3at+OE0qPvPkb8=
  dependencies:
    assert-plus "^0.2.0"
    jsprim "^1.2.2"
    sshpk "^1.7.0"

image-size@~0.5.0:
  version "0.5.5"
  resolved "https://registry.yarnpkg.com/image-size/-/image-size-0.5.5.tgz#09dfd4ab9d20e29eb1c3e80b8990378df9e3cb9c"
  integrity sha1-Cd/Uq50g4p6xw+gLiZA3jfnjy5w=

is-core-module@^2.2.0:
  version "2.8.0"
  resolved "https://registry.yarnpkg.com/is-core-module/-/is-core-module-2.8.0.tgz#0321336c3d0925e497fd97f5d95cb114a5ccd548"
  integrity sha512-vd15qHsaqrRL7dtH6QNuy0ndJmRDrS9HAM1CAiSifNUFv4x1a0CCVsj18hJ1mShxIG6T2i1sO78MkP56r0nYRw==
  dependencies:
    has "^1.0.3"

is-typedarray@~1.0.0:
  version "1.0.0"
  resolved "https://registry.yarnpkg.com/is-typedarray/-/is-typedarray-1.0.0.tgz#e479c80858df0c1b11ddda6940f96011fcda4a9a"
  integrity sha1-5HnICFjfDBsR3dppQPlgEfzaSpo=

isstream@~0.1.2:
  version "0.1.2"
  resolved "https://registry.yarnpkg.com/isstream/-/isstream-0.1.2.tgz#47e63f7af55afa6f92e1500e690eb8b8529c099a"
  integrity sha1-R+Y/evVa+m+S4VAOaQ64uFKcCZo=

jsbn@~0.1.0:
  version "0.1.1"
  resolved "https://registry.yarnpkg.com/jsbn/-/jsbn-0.1.1.tgz#a5e654c2e5a2deb5f201d96cefbca80c0ef2f513"
  integrity sha1-peZUwuWi3rXyAdls77yoDA7y9RM=

json-schema@0.2.3:
  version "0.2.3"
  resolved "https://registry.yarnpkg.com/json-schema/-/json-schema-0.2.3.tgz#b480c892e59a2f05954ce727bd3f2a4e882f9e13"
  integrity sha1-tIDIkuWaLwWVTOcnvT8qTogvnhM=

json-stable-stringify@^1.0.1:
  version "1.0.1"
  resolved "https://registry.yarnpkg.com/json-stable-stringify/-/json-stable-stringify-1.0.1.tgz#9a759d39c5f2ff503fd5300646ed445f88c4f9af"
  integrity sha1-mnWdOcXy/1A/1TAGRu1EX4jE+a8=
  dependencies:
    jsonify "~0.0.0"

json-stringify-safe@~5.0.1:
  version "5.0.1"
  resolved "https://registry.yarnpkg.com/json-stringify-safe/-/json-stringify-safe-5.0.1.tgz#1296a2d58fd45f19a0f6ce01d65701e2c735b6eb"
  integrity sha1-Epai1Y/UXxmg9s4B1lcB4sc1tus=

json5@^1.0.1:
  version "1.0.1"
  resolved "https://registry.yarnpkg.com/json5/-/json5-1.0.1.tgz#779fb0018604fa854eacbf6252180d83543e3dbe"
  integrity sha512-aKS4WQjPenRxiQsC93MNfjx+nbF4PAdYzmd/1JIj8HYzqfbu86beTuNgXDzPknWk0n0uARlyewZo4s++ES36Ow==
  dependencies:
    minimist "^1.2.0"

jsonify@~0.0.0:
  version "0.0.0"
  resolved "https://registry.yarnpkg.com/jsonify/-/jsonify-0.0.0.tgz#2c74b6ee41d93ca51b7b5aaee8f503631d252a73"
  integrity sha1-LHS27kHZPKUbe1qu6PUDYx0lKnM=

jsprim@^1.2.2:
  version "1.4.1"
  resolved "https://registry.yarnpkg.com/jsprim/-/jsprim-1.4.1.tgz#313e66bc1e5cc06e438bc1b7499c2e5c56acb6a2"
  integrity sha1-MT5mvB5cwG5Di8G3SZwuXFastqI=
  dependencies:
    assert-plus "1.0.0"
    extsprintf "1.3.0"
    json-schema "0.2.3"
    verror "1.10.0"

less-loader@4.1.0:
  version "4.1.0"
  resolved "https://registry.yarnpkg.com/less-loader/-/less-loader-4.1.0.tgz#2c1352c5b09a4f84101490274fd51674de41363e"
  integrity sha512-KNTsgCE9tMOM70+ddxp9yyt9iHqgmSs0yTZc5XH5Wo+g80RWRIYNqE58QJKm/yMud5wZEvz50ugRDuzVIkyahg==
  dependencies:
    clone "^2.1.1"
    loader-utils "^1.1.0"
    pify "^3.0.0"

less@2.7.3:
  version "2.7.3"
  resolved "https://registry.yarnpkg.com/less/-/less-2.7.3.tgz#cc1260f51c900a9ec0d91fb6998139e02507b63b"
  integrity sha512-KPdIJKWcEAb02TuJtaLrhue0krtRLoRoo7x6BNJIBelO00t/CCdJQUnHW5V34OnHMWzIktSalJxRO+FvytQlCQ==
  optionalDependencies:
    errno "^0.1.1"
    graceful-fs "^4.1.2"
    image-size "~0.5.0"
    mime "^1.2.11"
    mkdirp "^0.5.0"
    promise "^7.1.1"
    request "2.81.0"
    source-map "^0.5.3"

loader-utils@^1.1.0:
  version "1.4.0"
  resolved "https://registry.yarnpkg.com/loader-utils/-/loader-utils-1.4.0.tgz#c579b5e34cb34b1a74edc6c1fb36bfa371d5a613"
  integrity sha512-qH0WSMBtn/oHuwjy/NucEgbx5dbxxnxup9s4PVXJUDHZBQY+s0NWA9rJf53RBnQZxfch7euUui7hpoAPvALZdA==
  dependencies:
    big.js "^5.2.2"
    emojis-list "^3.0.0"
    json5 "^1.0.1"

magic-string@^0.25.7:
  version "0.25.7"
  resolved "https://registry.yarnpkg.com/magic-string/-/magic-string-0.25.7.tgz#3f497d6fd34c669c6798dcb821f2ef31f5445051"
  integrity sha512-4CrMT5DOHTDk4HYDlzmwu4FVCcIYI8gauveasrdCu2IKIFOJ3f0v/8MDGJCDL9oD2ppz/Av1b0Nj345H9M+XIA==
  dependencies:
    sourcemap-codec "^1.4.4"

mime-db@1.51.0:
  version "1.51.0"
  resolved "https://registry.yarnpkg.com/mime-db/-/mime-db-1.51.0.tgz#d9ff62451859b18342d960850dc3cfb77e63fb0c"
  integrity sha512-5y8A56jg7XVQx2mbv1lu49NR4dokRnhZYTtL+KGfaa27uq4pSTXkwQkFJl4pkRMyNFz/EtYDSkiiEHx3F7UN6g==

mime-types@^2.1.12, mime-types@~2.1.7:
  version "2.1.34"
  resolved "https://registry.yarnpkg.com/mime-types/-/mime-types-2.1.34.tgz#5a712f9ec1503511a945803640fafe09d3793c24"
  integrity sha512-6cP692WwGIs9XXdOO4++N+7qjqv0rqxxVvJ3VHPh/Sc9mVZcQP+ZGhkKiTvWMQRr2tbHkJP/Yn7Y0npb3ZBs4A==
  dependencies:
    mime-db "1.51.0"

mime@^1.2.11:
  version "1.6.0"
  resolved "https://registry.yarnpkg.com/mime/-/mime-1.6.0.tgz#32cd9e5c64553bd58d19a568af452acff04981b1"
  integrity sha512-x0Vn8spI+wuJ1O6S7gnbaQg8Pxh4NNHb7KSINmEWKiPE4RKOplvijn+NkmYmmRgP68mc70j2EbeTFRsrswaQeg==

minimist@^1.2.0, minimist@^1.2.5:
  version "1.2.5"
  resolved "https://registry.yarnpkg.com/minimist/-/minimist-1.2.5.tgz#67d66014b66a6a8aaa0c083c5fd58df4e4e97602"
  integrity sha512-FM9nNUYrRBAELZQT3xeZQ7fmMOBg6nWNmJKTcgsJeaLstP/UODVpGsr5OhXhhXg6f+qtJ8uiZ+PUxkDWcgIXLw==

mkdirp@^0.5.0:
  version "0.5.5"
  resolved "https://registry.yarnpkg.com/mkdirp/-/mkdirp-0.5.5.tgz#d91cefd62d1436ca0f41620e251288d420099def"
  integrity sha512-NKmAlESf6jMGym1++R0Ra7wvhV+wFW63FaSOFPwRahvea0gMUcGUhVeAg/0BC0wiv9ih5NYPB1Wn1UEI1/L+xQ==
  dependencies:
    minimist "^1.2.5"

nanoid@^3.1.30:
  version "3.1.30"
  resolved "https://registry.yarnpkg.com/nanoid/-/nanoid-3.1.30.tgz#63f93cc548d2a113dc5dfbc63bfa09e2b9b64362"
  integrity sha512-zJpuPDwOv8D2zq2WRoMe1HsfZthVewpel9CAvTfc/2mBD1uUT/agc5f7GHGWXlYkFvi1mVxe4IjvP2HNrop7nQ==

oauth-sign@~0.8.1:
  version "0.8.2"
  resolved "https://registry.yarnpkg.com/oauth-sign/-/oauth-sign-0.8.2.tgz#46a6ab7f0aead8deae9ec0565780b7d4efeb9d43"
  integrity sha1-Rqarfwrq2N6unsBWV4C31O/rnUM=

path-parse@^1.0.6:
  version "1.0.7"
  resolved "https://registry.yarnpkg.com/path-parse/-/path-parse-1.0.7.tgz#fbc114b60ca42b30d9daf5858e4bd68bbedb6735"
  integrity sha512-LDJzPVEEEPR+y48z93A0Ed0yXb8pAByGWo/k5YYdYgpY2/2EsOsksJrq7lOHxryrVOn1ejG6oAp8ahvOIQD8sw==

performance-now@^0.2.0:
  version "0.2.0"
  resolved "https://registry.yarnpkg.com/performance-now/-/performance-now-0.2.0.tgz#33ef30c5c77d4ea21c5a53869d91b56d8f2555e5"
  integrity sha1-M+8wxcd9TqIcWlOGnZG1bY8lVeU=

picocolors@^1.0.0:
  version "1.0.0"
  resolved "https://registry.yarnpkg.com/picocolors/-/picocolors-1.0.0.tgz#cb5bdc74ff3f51892236eaf79d68bc44564ab81c"
  integrity sha512-1fygroTLlHu66zi26VoTDv8yRgm0Fccecssto+MhsZ0D/DGW2sm8E8AjW7NU5VVTRt5GxbeZ5qBuJr+HyLYkjQ==

pify@^3.0.0:
  version "3.0.0"
  resolved "https://registry.yarnpkg.com/pify/-/pify-3.0.0.tgz#e5a4acd2c101fdf3d9a4d07f0dbc4db49dd28176"
  integrity sha1-5aSs0sEB/fPZpNB/DbxNtJ3SgXY=

postcss@^8.1.10, postcss@^8.3.8:
  version "8.3.11"
  resolved "https://registry.yarnpkg.com/postcss/-/postcss-8.3.11.tgz#c3beca7ea811cd5e1c4a3ec6d2e7599ef1f8f858"
  integrity sha512-hCmlUAIlUiav8Xdqw3Io4LcpA1DOt7h3LSTAC4G6JGHFFaWzI6qvFt9oilvl8BmkbBRX1IhM90ZAmpk68zccQA==
  dependencies:
    nanoid "^3.1.30"
    picocolors "^1.0.0"
    source-map-js "^0.6.2"

promise@^7.1.1:
  version "7.3.1"
  resolved "https://registry.yarnpkg.com/promise/-/promise-7.3.1.tgz#064b72602b18f90f29192b8b1bc418ffd1ebd3bf"
  integrity sha512-nolQXZ/4L+bP/UGlkfaIujX9BKxGwmQ9OT4mOt5yvy8iK1h3wqTEJCijzGANTCCl9nWjY41juyAn2K3Q1hLLTg==
  dependencies:
    asap "~2.0.3"

prr@~1.0.1:
  version "1.0.1"
  resolved "https://registry.yarnpkg.com/prr/-/prr-1.0.1.tgz#d3fc114ba06995a45ec6893f484ceb1d78f5f476"
  integrity sha1-0/wRS6BplaRexok/SEzrHXj19HY=

punycode@^1.4.1:
  version "1.4.1"
  resolved "https://registry.yarnpkg.com/punycode/-/punycode-1.4.1.tgz#c0d5a63b2718800ad8e1eb0fa5269c84dd41845e"
  integrity sha1-wNWmOycYgArY4esPpSachN1BhF4=

qs@~6.4.0:
  version "6.4.0"
  resolved "https://registry.yarnpkg.com/qs/-/qs-6.4.0.tgz#13e26d28ad6b0ffaa91312cd3bf708ed351e7233"
  integrity sha1-E+JtKK1rD/qpExLNO/cI7TUecjM=

request@2.81.0:
  version "2.81.0"
  resolved "https://registry.yarnpkg.com/request/-/request-2.81.0.tgz#c6928946a0e06c5f8d6f8a9333469ffda46298a0"
  integrity sha1-xpKJRqDgbF+Nb4qTM0af/aRimKA=
  dependencies:
    aws-sign2 "~0.6.0"
    aws4 "^1.2.1"
    caseless "~0.12.0"
    combined-stream "~1.0.5"
    extend "~3.0.0"
    forever-agent "~0.6.1"
    form-data "~2.1.1"
    har-validator "~4.2.1"
    hawk "~3.1.3"
    http-signature "~1.1.0"
    is-typedarray "~1.0.0"
    isstream "~0.1.2"
    json-stringify-safe "~5.0.1"
    mime-types "~2.1.7"
    oauth-sign "~0.8.1"
    performance-now "^0.2.0"
    qs "~6.4.0"
    safe-buffer "^5.0.1"
    stringstream "~0.0.4"
    tough-cookie "~2.3.0"
    tunnel-agent "^0.6.0"
    uuid "^3.0.0"

resolve@^1.20.0:
  version "1.20.0"
  resolved "https://registry.yarnpkg.com/resolve/-/resolve-1.20.0.tgz#629a013fb3f70755d6f0b7935cc1c2c5378b1975"
  integrity sha512-wENBPt4ySzg4ybFQW2TT1zMQucPK95HSh/nq2CFTZVOGut2+pQvSsgtda4d26YrYcr067wjbmzOG8byDPBX63A==
  dependencies:
    is-core-module "^2.2.0"
    path-parse "^1.0.6"

rollup@^2.57.0:
  version "2.59.0"
  resolved "https://registry.yarnpkg.com/rollup/-/rollup-2.59.0.tgz#108c61b0fa0a37ebc8d1f164f281622056f0db59"
  integrity sha512-l7s90JQhCQ6JyZjKgo7Lq1dKh2RxatOM+Jr6a9F7WbS9WgKbocyUSeLmZl8evAse7y96Ae98L2k1cBOwWD8nHw==
  optionalDependencies:
    fsevents "~2.3.2"

safe-buffer@^5.0.1:
  version "5.2.1"
  resolved "https://registry.yarnpkg.com/safe-buffer/-/safe-buffer-5.2.1.tgz#1eaf9fa9bdb1fdd4ec75f58f9cdb4e6b7827eec6"
  integrity sha512-rp3So07KcdmmKbGvgaNxQSJr7bGVSVk5S9Eq1F+ppbRo70+YeaDxkw5Dd8NPN+GD6bjnYm2VuPuCXmpuYvmCXQ==

safer-buffer@^2.0.2, safer-buffer@^2.1.0, safer-buffer@~2.1.0:
  version "2.1.2"
  resolved "https://registry.yarnpkg.com/safer-buffer/-/safer-buffer-2.1.2.tgz#44fa161b0187b9549dd84bb91802f9bd8385cd6a"
  integrity sha512-YZo3K82SD7Riyi0E1EQPojLz7kpepnSQI9IyPbHHg1XXXevb5dJI7tpyN2ADxGcQbHG7vcyRHk0cbwqcQriUtg==

sntp@1.x.x:
  version "1.0.9"
  resolved "https://registry.yarnpkg.com/sntp/-/sntp-1.0.9.tgz#6541184cc90aeea6c6e7b35e2659082443c66198"
  integrity sha1-ZUEYTMkK7qbG57NeJlkIJEPGYZg=
  dependencies:
    hoek "2.x.x"

source-map-js@^0.6.2:
  version "0.6.2"
  resolved "https://registry.yarnpkg.com/source-map-js/-/source-map-js-0.6.2.tgz#0bb5de631b41cfbda6cfba8bd05a80efdfd2385e"
  integrity sha512-/3GptzWzu0+0MBQFrDKzw/DvvMTUORvgY6k6jd/VS6iCR4RDTKWH6v6WPwQoUO8667uQEf9Oe38DxAYWY5F/Ug==

source-map@^0.5.3:
  version "0.5.7"
  resolved "https://registry.yarnpkg.com/source-map/-/source-map-0.5.7.tgz#8a039d2d1021d22d1ea14c80d8ea468ba2ef3fcc"
  integrity sha1-igOdLRAh0i0eoUyA2OpGi6LvP8w=

source-map@^0.6.1:
  version "0.6.1"
  resolved "https://registry.yarnpkg.com/source-map/-/source-map-0.6.1.tgz#74722af32e9614e9c287a8d0bbde48b5e2f1a263"
  integrity sha512-UjgapumWlbMhkBgzT7Ykc5YXUT46F0iKu8SGXq0bcwP5dz/h0Plj6enJqjz1Zbq2l5WaqYnrVbwWOWMyF3F47g==

sourcemap-codec@^1.4.4:
  version "1.4.8"
  resolved "https://registry.yarnpkg.com/sourcemap-codec/-/sourcemap-codec-1.4.8.tgz#ea804bd94857402e6992d05a38ef1ae35a9ab4c4"
  integrity sha512-9NykojV5Uih4lgo5So5dtw+f0JgJX30KCNI8gwhz2J9A15wD0Ml6tjHKwf6fTSa6fAdVBdZeNOs9eJ71qCk8vA==

sshpk@^1.7.0:
  version "1.16.1"
  resolved "https://registry.yarnpkg.com/sshpk/-/sshpk-1.16.1.tgz#fb661c0bef29b39db40769ee39fa70093d6f6877"
  integrity sha512-HXXqVUq7+pcKeLqqZj6mHFUMvXtOJt1uoUx09pFW6011inTMxqI8BA8PM95myrIyyKwdnzjdFjLiE6KBPVtJIg==
  dependencies:
    asn1 "~0.2.3"
    assert-plus "^1.0.0"
    bcrypt-pbkdf "^1.0.0"
    dashdash "^1.12.0"
    ecc-jsbn "~0.1.1"
    getpass "^0.1.1"
    jsbn "~0.1.0"
    safer-buffer "^2.0.2"
    tweetnacl "~0.14.0"

stringstream@~0.0.4:
  version "0.0.6"
  resolved "https://registry.yarnpkg.com/stringstream/-/stringstream-0.0.6.tgz#7880225b0d4ad10e30927d167a1d6f2fd3b33a72"
  integrity sha512-87GEBAkegbBcweToUrdzf3eLhWNg06FJTebl4BVJz/JgWy8CvEr9dRtX5qWphiynMSQlxxi+QqN0z5T32SLlhA==

tough-cookie@~2.3.0:
  version "2.3.4"
  resolved "https://registry.yarnpkg.com/tough-cookie/-/tough-cookie-2.3.4.tgz#ec60cee38ac675063ffc97a5c18970578ee83655"
  integrity sha512-TZ6TTfI5NtZnuyy/Kecv+CnoROnyXn2DN97LontgQpCwsX2XyLYCC0ENhYkehSOwAp8rTQKc/NUIF7BkQ5rKLA==
  dependencies:
    punycode "^1.4.1"

tunnel-agent@^0.6.0:
  version "0.6.0"
  resolved "https://registry.yarnpkg.com/tunnel-agent/-/tunnel-agent-0.6.0.tgz#27a5dea06b36b04a0a9966774b290868f0fc40fd"
  integrity sha1-J6XeoGs2sEoKmWZ3SykIaPD8QP0=
  dependencies:
    safe-buffer "^5.0.1"

tweetnacl@^0.14.3, tweetnacl@~0.14.0:
  version "0.14.5"
  resolved "https://registry.yarnpkg.com/tweetnacl/-/tweetnacl-0.14.5.tgz#5ae68177f192d4456269d108afa93ff8743f4f64"
  integrity sha1-WuaBd/GS1EViadEIr6k/+HQ/T2Q=

uuid@^3.0.0:
  version "3.4.0"
  resolved "https://registry.yarnpkg.com/uuid/-/uuid-3.4.0.tgz#b23e4358afa8a202fe7a100af1f5f883f02007ee"
  integrity sha512-HjSDRw6gZE5JMggctHBcjVak08+KEVhSIiDzFnT9S9aegmp85S/bReBVTb4QTFaRNptJ9kuYaNhnbNEOkbKb/A==

verror@1.10.0:
  version "1.10.0"
  resolved "https://registry.yarnpkg.com/verror/-/verror-1.10.0.tgz#3a105ca17053af55d6e270c1f8288682e18da400"
  integrity sha1-OhBcoXBTr1XW4nDB+CiGguGNpAA=
  dependencies:
    assert-plus "^1.0.0"
    core-util-is "1.0.2"
    extsprintf "^1.2.0"

vite@^2.6.4:
  version "2.6.14"
  resolved "https://registry.yarnpkg.com/vite/-/vite-2.6.14.tgz#35c09a15e4df823410819a2a239ab11efb186271"
  integrity sha512-2HA9xGyi+EhY2MXo0+A2dRsqsAG3eFNEVIo12olkWhOmc8LfiM+eMdrXf+Ruje9gdXgvSqjLI9freec1RUM5EA==
  dependencies:
    esbuild "^0.13.2"
    postcss "^8.3.8"
    resolve "^1.20.0"
    rollup "^2.57.0"
  optionalDependencies:
    fsevents "~2.3.2"

vue-router@^4.0.12:
  version "4.0.12"
  resolved "https://registry.yarnpkg.com/vue-router/-/vue-router-4.0.12.tgz#8dc792cddf5bb1abcc3908f9064136de7e13c460"
  integrity sha512-CPXvfqe+mZLB1kBWssssTiWg4EQERyqJZes7USiqfW9B5N2x+nHlnsM1D3b5CaJ6qgCvMmYJnz+G0iWjNCvXrg==
  dependencies:
    "@vue/devtools-api" "^6.0.0-beta.18"

vue@^3.2.16:
  version "3.2.21"
  resolved "https://registry.yarnpkg.com/vue/-/vue-3.2.21.tgz#55f5665172d95cf97e806b9aad0a375180be23a1"
  integrity sha512-jpy7ckXdyclfRzqLjL4mtq81AkzQleE54KjZsJg/9OorNVurAxdlU5XpD49GpjKdnftuffKUvx2C5jDOrgc/zg==
  dependencies:
    "@vue/compiler-dom" "3.2.21"
    "@vue/compiler-sfc" "3.2.21"
    "@vue/runtime-dom" "3.2.21"
    "@vue/server-renderer" "3.2.21"
    "@vue/shared" "3.2.21"

vuex@^4.0.2:
  version "4.0.2"
  resolved "https://registry.yarnpkg.com/vuex/-/vuex-4.0.2.tgz#f896dbd5bf2a0e963f00c67e9b610de749ccacc9"
  integrity sha512-M6r8uxELjZIK8kTKDGgZTYX/ahzblnzC4isU1tpmEuOIIKmV+TRdc+H4s8ds2NuZ7wpUTdGRzJRtoj+lI+pc0Q==
  dependencies:
    "@vue/devtools-api" "^6.0.0-beta.11"
